
Microsoft Visual Studio Solution File, Format Version 12.00
# Visual Studio 15
VisualStudioVersion = 15.0.28307.136
MinimumVisualStudioVersion = 10.0.40219.1
Project("{FAE04EC0-301F-11D3-BF4B-00C04F79EFBC}") = "GetData", "GetData\GetData.csproj", "{5351AC71-9FCB-424F-A891-77BC94845A36}"
EndProject
Global
	GlobalSection(SolutionConfigurationPlatforms) = preSolution
		Debug|Any CPU = Debug|Any CPU
		Release|Any CPU = Release|Any CPU
	EndGlobalSection
	GlobalSection(ProjectConfigurationPlatforms) = postSolution
		{5351AC71-9FCB-424F-A891-77BC94845A36}.Debug|Any CPU.ActiveCfg = Debug|Any CPU
		{5351AC71-9FCB-424F-A891-77BC94845A36}.Debug|Any CPU.Build.0 = Debug|Any CPU
		{5351AC71-9FCB-424F-A891-77BC94845A36}.Release|Any CPU.ActiveCfg = Release|Any CPU
		{5351AC71-9FCB-424F-A891-77BC94845A36}.Release|Any CPU.Build.0 = Release|Any CPU
	EndGlobalSection
	GlobalSection(SolutionProperties) = preSolution
		HideSolutionNode = FALSE
	EndGlobalSection
	GlobalSection(ExtensibilityGlobals) = postSolution
		SolutionGuid = {4ACF9420-8FFC-4AE6-A812-A8E02E1B54BC}
	EndGlobalSection
EndGlobal
